
Microsoft Visual Studio Solution File, Format Version 12.00
# Visual Studio Version 17
VisualStudioVersion = 17.0.32014.148
MinimumVisualStudioVersion = 10.0.40219.1
Project("{FAE04EC0-301F-11D3-BF4B-00C04F79EFBC}") = "BasicCoreProgram", "BasicCoreProgram.csproj", "{938250F4-F2AC-4FA0-810B-96E90E0E0F2A}"
EndProject
Global
	GlobalSection(SolutionConfigurationPlatforms) = preSolution
		Debug|Any CPU = Debug|Any CPU
		Release|Any CPU = Release|Any CPU
	EndGlobalSection
	GlobalSection(ProjectConfigurationPlatforms) = postSolution
		{938250F4-F2AC-4FA0-810B-96E90E0E0F2A}.Debug|Any CPU.ActiveCfg = Debug|Any CPU
		{938250F4-F2AC-4FA0-810B-96E90E0E0F2A}.Debug|Any CPU.Build.0 = Debug|Any CPU
		{938250F4-F2AC-4FA0-810B-96E90E0E0F2A}.Release|Any CPU.ActiveCfg = Release|Any CPU
		{938250F4-F2AC-4FA0-810B-96E90E0E0F2A}.Release|Any CPU.Build.0 = Release|Any CPU
	EndGlobalSection
	GlobalSection(SolutionProperties) = preSolution
		HideSolutionNode = FALSE
	EndGlobalSection
	GlobalSection(ExtensibilityGlobals) = postSolution
		SolutionGuid = {FB5FDF99-BC4C-4995-A52B-B59425A4A444}
	EndGlobalSection
EndGlobal
